
Microsoft Visual Studio Solution File, Format Version 12.00
# Visual Studio 14
VisualStudioVersion = 14.0.25420.1
MinimumVisualStudioVersion = 10.0.40219.1
Project("{FAE04EC0-301F-11D3-BF4B-00C04F79EFBC}") = "CardMasterCard", "CardMasterCard\CardMasterCard.csproj", "{1BA2630B-04AB-4910-8792-04E48F2319DB}"
EndProject
Project("{FAE04EC0-301F-11D3-BF4B-00C04F79EFBC}") = "CardMasterManager", "CardMasterManager\CardMasterManager.csproj", "{5802607E-400F-44DC-8A11-796E991EB995}"
EndProject
Project("{FAE04EC0-301F-11D3-BF4B-00C04F79EFBC}") = "CardMasterStat", "CardMasterStat\CardMasterStat.csproj", "{BD1C43A2-F01A-4D73-B605-03524FECE3C9}"
EndProject
Project("{2150E333-8FDC-42A3-9474-1A3956D46DE8}") = "Solution Items", "Solution Items", "{F322133C-585E-4487-A45E-ACF0D92A63E6}"
	ProjectSection(SolutionItems) = preProject
		.gitignore = .gitignore
		README.md = README.md
	EndProjectSection
EndProject
Project("{FAE04EC0-301F-11D3-BF4B-00C04F79EFBC}") = "CardMasterExport", "CardMasterExport\CardMasterExport.csproj", "{4D96048A-0232-4743-97AF-5E52C5087A29}"
EndProject
Project("{FAE04EC0-301F-11D3-BF4B-00C04F79EFBC}") = "CardMasterSkinEditor", "CardMasterSkinEditor\CardMasterSkinEditor.csproj", "{AA25C818-16B7-44D2-945C-AF4E545DBE82}"
EndProject
Project("{FAE04EC0-301F-11D3-BF4B-00C04F79EFBC}") = "CardMasterImageBuilder", "CardMasterImageBuilder\CardMasterImageBuilder.csproj", "{65056A8A-D3DE-467D-AC89-31B3A051099F}"
EndProject
Project("{FAE04EC0-301F-11D3-BF4B-00C04F79EFBC}") = "CardMasterSkin", "CardMasterSkin\CardMasterSkin.csproj", "{8E132EEF-1E9C-4B96-8BF7-A513AD1E4EC7}"
EndProject
Global
	GlobalSection(SolutionConfigurationPlatforms) = preSolution
		Debug|Any CPU = Debug|Any CPU
		Release|Any CPU = Release|Any CPU
	EndGlobalSection
	GlobalSection(ProjectConfigurationPlatforms) = postSolution
		{1BA2630B-04AB-4910-8792-04E48F2319DB}.Debug|Any CPU.ActiveCfg = Debug|Any CPU
		{1BA2630B-04AB-4910-8792-04E48F2319DB}.Debug|Any CPU.Build.0 = Debug|Any CPU
		{1BA2630B-04AB-4910-8792-04E48F2319DB}.Release|Any CPU.ActiveCfg = Release|Any CPU
		{1BA2630B-04AB-4910-8792-04E48F2319DB}.Release|Any CPU.Build.0 = Release|Any CPU
		{5802607E-400F-44DC-8A11-796E991EB995}.Debug|Any CPU.ActiveCfg = Debug|Any CPU
		{5802607E-400F-44DC-8A11-796E991EB995}.Debug|Any CPU.Build.0 = Debug|Any CPU
		{5802607E-400F-44DC-8A11-796E991EB995}.Release|Any CPU.ActiveCfg = Release|Any CPU
		{5802607E-400F-44DC-8A11-796E991EB995}.Release|Any CPU.Build.0 = Release|Any CPU
		{BD1C43A2-F01A-4D73-B605-03524FECE3C9}.Debug|Any CPU.ActiveCfg = Debug|Any CPU
		{BD1C43A2-F01A-4D73-B605-03524FECE3C9}.Debug|Any CPU.Build.0 = Debug|Any CPU
		{BD1C43A2-F01A-4D73-B605-03524FECE3C9}.Release|Any CPU.ActiveCfg = Release|Any CPU
		{BD1C43A2-F01A-4D73-B605-03524FECE3C9}.Release|Any CPU.Build.0 = Release|Any CPU
		{4D96048A-0232-4743-97AF-5E52C5087A29}.Debug|Any CPU.ActiveCfg = Debug|Any CPU
		{4D96048A-0232-4743-97AF-5E52C5087A29}.Debug|Any CPU.Build.0 = Debug|Any CPU
		{4D96048A-0232-4743-97AF-5E52C5087A29}.Release|Any CPU.ActiveCfg = Release|Any CPU
		{4D96048A-0232-4743-97AF-5E52C5087A29}.Release|Any CPU.Build.0 = Release|Any CPU
		{AA25C818-16B7-44D2-945C-AF4E545DBE82}.Debug|Any CPU.ActiveCfg = Debug|Any CPU
		{AA25C818-16B7-44D2-945C-AF4E545DBE82}.Debug|Any CPU.Build.0 = Debug|Any CPU
		{AA25C818-16B7-44D2-945C-AF4E545DBE82}.Release|Any CPU.ActiveCfg = Release|Any CPU
		{AA25C818-16B7-44D2-945C-AF4E545DBE82}.Release|Any CPU.Build.0 = Release|Any CPU
		{65056A8A-D3DE-467D-AC89-31B3A051099F}.Debug|Any CPU.ActiveCfg = Debug|Any CPU
		{65056A8A-D3DE-467D-AC89-31B3A051099F}.Debug|Any CPU.Build.0 = Debug|Any CPU
		{65056A8A-D3DE-467D-AC89-31B3A051099F}.Release|Any CPU.ActiveCfg = Release|Any CPU
		{65056A8A-D3DE-467D-AC89-31B3A051099F}.Release|Any CPU.Build.0 = Release|Any CPU
		{8E132EEF-1E9C-4B96-8BF7-A513AD1E4EC7}.Debug|Any CPU.ActiveCfg = Debug|Any CPU
		{8E132EEF-1E9C-4B96-8BF7-A513AD1E4EC7}.Debug|Any CPU.Build.0 = Debug|Any CPU
		{8E132EEF-1E9C-4B96-8BF7-A513AD1E4EC7}.Release|Any CPU.ActiveCfg = Release|Any CPU
		{8E132EEF-1E9C-4B96-8BF7-A513AD1E4EC7}.Release|Any CPU.Build.0 = Release|Any CPU
	EndGlobalSection
	GlobalSection(SolutionProperties) = preSolution
		HideSolutionNode = FALSE
	EndGlobalSection
EndGlobal
